
Microsoft Visual Studio Solution File, Format Version 12.00
# Visual Studio Version 17
VisualStudioVersion = 17.10.35122.118
MinimumVisualStudioVersion = 10.0.40219.1
Project("{FAE04EC0-301F-11D3-BF4B-00C04F79EFBC}") = "Funcionario", "Funcionario\Funcionario.csproj", "{8C693E7C-4006-4DDA-8C55-EA84AB9C9F36}"
EndProject
Global
	GlobalSection(SolutionConfigurationPlatforms) = preSolution
		Debug|Any CPU = Debug|Any CPU
		Release|Any CPU = Release|Any CPU
	EndGlobalSection
	GlobalSection(ProjectConfigurationPlatforms) = postSolution
		{8C693E7C-4006-4DDA-8C55-EA84AB9C9F36}.Debug|Any CPU.ActiveCfg = Debug|Any CPU
		{8C693E7C-4006-4DDA-8C55-EA84AB9C9F36}.Debug|Any CPU.Build.0 = Debug|Any CPU
		{8C693E7C-4006-4DDA-8C55-EA84AB9C9F36}.Release|Any CPU.ActiveCfg = Release|Any CPU
		{8C693E7C-4006-4DDA-8C55-EA84AB9C9F36}.Release|Any CPU.Build.0 = Release|Any CPU
	EndGlobalSection
	GlobalSection(SolutionProperties) = preSolution
		HideSolutionNode = FALSE
	EndGlobalSection
	GlobalSection(ExtensibilityGlobals) = postSolution
		SolutionGuid = {2CF4519A-107C-4D88-9F69-3AABA6E896A6}
	EndGlobalSection
EndGlobal
